Microsoft Visual Studio Solution File, Format Version 12.00
# Visual Studio Version 17
VisualStudioVersion = 17.5.2.0
MinimumVisualStudioVersion = 10.0.40219.1
Project("{2150E333-8FDC-42A3-9474-1A3956D46DE8}") = "backend", "backend", "{1AE8ACA6-933B-BF2A-3671-3E2EAC007D16}"
EndProject
Project("{FAE04EC0-301F-11D3-BF4B-00C04F79EFBC}") = "FoodWaste.API", "backend\FoodWaste.API\FoodWaste.API.csproj", "{18B8EAF8-E1F9-96FB-2A97-0194ABEEEA32}"
EndProject
Project("{FAE04EC0-301F-11D3-BF4B-00C04F79EFBC}") = "FoodWaste.Business", "backend\FoodWaste.Business\FoodWaste.Business.csproj", "{484DCE0C-FB33-B217-F339-39D17CE6AED5}"
EndProject
Project("{FAE04EC0-301F-11D3-BF4B-00C04F79EFBC}") = "FoodWaste.Data", "backend\FoodWaste.Data\FoodWaste.Data.csproj", "{9B9D53E0-C2F0-A0C0-4E52-543A01F6DC5D}"
EndProject
Project("{FAE04EC0-301F-11D3-BF4B-00C04F79EFBC}") = "FoodWaste.Entities", "backend\FoodWaste.Entities\FoodWaste.Entities.csproj", "{48EDE0FE-322C-CB23-413D-9DA1184D57A5}"
EndProject
Project("{FAE04EC0-301F-11D3-BF4B-00C04F79EFBC}") = "FoodWaste.Tests", "backend\FoodWaste.Tests\FoodWaste.Tests.csproj", "{2E0775AD-5B8B-7C9B-44E1-28262087399A}"
EndProject
Global
	GlobalSection(SolutionConfigurationPlatforms) = preSolution
		Debug|Any CPU = Debug|Any CPU
		Release|Any CPU = Release|Any CPU
	EndGlobalSection
	GlobalSection(ProjectConfigurationPlatforms) = postSolution
		{18B8EAF8-E1F9-96FB-2A97-0194ABEEEA32}.Debug|Any CPU.ActiveCfg = Debug|Any CPU
		{18B8EAF8-E1F9-96FB-2A97-0194ABEEEA32}.Debug|Any CPU.Build.0 = Debug|Any CPU
		{18B8EAF8-E1F9-96FB-2A97-0194ABEEEA32}.Release|Any CPU.ActiveCfg = Release|Any CPU
		{18B8EAF8-E1F9-96FB-2A97-0194ABEEEA32}.Release|Any CPU.Build.0 = Release|Any CPU
		{484DCE0C-FB33-B217-F339-39D17CE6AED5}.Debug|Any CPU.ActiveCfg = Debug|Any CPU
		{484DCE0C-FB33-B217-F339-39D17CE6AED5}.Debug|Any CPU.Build.0 = Debug|Any CPU
		{484DCE0C-FB33-B217-F339-39D17CE6AED5}.Release|Any CPU.ActiveCfg = Release|Any CPU
		{484DCE0C-FB33-B217-F339-39D17CE6AED5}.Release|Any CPU.Build.0 = Release|Any CPU
		{9B9D53E0-C2F0-A0C0-4E52-543A01F6DC5D}.Debug|Any CPU.ActiveCfg = Debug|Any CPU
		{9B9D53E0-C2F0-A0C0-4E52-543A01F6DC5D}.Debug|Any CPU.Build.0 = Debug|Any CPU
		{9B9D53E0-C2F0-A0C0-4E52-543A01F6DC5D}.Release|Any CPU.ActiveCfg = Release|Any CPU
		{9B9D53E0-C2F0-A0C0-4E52-543A01F6DC5D}.Release|Any CPU.Build.0 = Release|Any CPU
		{48EDE0FE-322C-CB23-413D-9DA1184D57A5}.Debug|Any CPU.ActiveCfg = Debug|Any CPU
		{48EDE0FE-322C-CB23-413D-9DA1184D57A5}.Debug|Any CPU.Build.0 = Debug|Any CPU
		{48EDE0FE-322C-CB23-413D-9DA1184D57A5}.Release|Any CPU.ActiveCfg = Release|Any CPU
		{48EDE0FE-322C-CB23-413D-9DA1184D57A5}.Release|Any CPU.Build.0 = Release|Any CPU
		{2E0775AD-5B8B-7C9B-44E1-28262087399A}.Debug|Any CPU.ActiveCfg = Debug|Any CPU
		{2E0775AD-5B8B-7C9B-44E1-28262087399A}.Debug|Any CPU.Build.0 = Debug|Any CPU
		{2E0775AD-5B8B-7C9B-44E1-28262087399A}.Release|Any CPU.ActiveCfg = Release|Any CPU
		{2E0775AD-5B8B-7C9B-44E1-28262087399A}.Release|Any CPU.Build.0 = Release|Any CPU
	EndGlobalSection
	GlobalSection(SolutionProperties) = preSolution
		HideSolutionNode = FALSE
	EndGlobalSection
	GlobalSection(NestedProjects) = preSolution
		{18B8EAF8-E1F9-96FB-2A97-0194ABEEEA32} = {1AE8ACA6-933B-BF2A-3671-3E2EAC007D16}
		{484DCE0C-FB33-B217-F339-39D17CE6AED5} = {1AE8ACA6-933B-BF2A-3671-3E2EAC007D16}
		{9B9D53E0-C2F0-A0C0-4E52-543A01F6DC5D} = {1AE8ACA6-933B-BF2A-3671-3E2EAC007D16}
		{48EDE0FE-322C-CB23-413D-9DA1184D57A5} = {1AE8ACA6-933B-BF2A-3671-3E2EAC007D16}
		{2E0775AD-5B8B-7C9B-44E1-28262087399A} = {1AE8ACA6-933B-BF2A-3671-3E2EAC007D16}
	EndGlobalSection
	GlobalSection(ExtensibilityGlobals) = postSolution
		SolutionGuid = {C529DEC7-32A4-45BA-920C-8CF79A00E753}
	EndGlobalSection
EndGlobal
